
Microsoft Visual Studio Solution File, Format Version 12.00
# Visual Studio 15
VisualStudioVersion = 15.0.27004.2006
MinimumVisualStudioVersion = 10.0.40219.1
Project("{FAE04EC0-301F-11D3-BF4B-00C04F79EFBC}") = "AutomatedTellerMachine", "AutomatedTellerMachine\AutomatedTellerMachine.csproj", "{F7C1E5C7-9CE8-4A94-96F7-3CAECC1DDBF9}"
EndProject
Project("{FAE04EC0-301F-11D3-BF4B-00C04F79EFBC}") = "AutomatedTellerMachine.Tests", "AutomatedTellerMachine.Tests\AutomatedTellerMachine.Tests.csproj", "{B7071B48-0E5B-4CAE-B30F-7C9326092375}"
EndProject
Global
	GlobalSection(SolutionConfigurationPlatforms) = preSolution
		Debug|Any CPU = Debug|Any CPU
		Release|Any CPU = Release|Any CPU
	EndGlobalSection
	GlobalSection(ProjectConfigurationPlatforms) = postSolution
		{F7C1E5C7-9CE8-4A94-96F7-3CAECC1DDBF9}.Debug|Any CPU.ActiveCfg = Debug|Any CPU
		{F7C1E5C7-9CE8-4A94-96F7-3CAECC1DDBF9}.Debug|Any CPU.Build.0 = Debug|Any CPU
		{F7C1E5C7-9CE8-4A94-96F7-3CAECC1DDBF9}.Release|Any CPU.ActiveCfg = Release|Any CPU
		{F7C1E5C7-9CE8-4A94-96F7-3CAECC1DDBF9}.Release|Any CPU.Build.0 = Release|Any CPU
		{B7071B48-0E5B-4CAE-B30F-7C9326092375}.Debug|Any CPU.ActiveCfg = Debug|Any CPU
		{B7071B48-0E5B-4CAE-B30F-7C9326092375}.Debug|Any CPU.Build.0 = Debug|Any CPU
		{B7071B48-0E5B-4CAE-B30F-7C9326092375}.Release|Any CPU.ActiveCfg = Release|Any CPU
		{B7071B48-0E5B-4CAE-B30F-7C9326092375}.Release|Any CPU.Build.0 = Release|Any CPU
	EndGlobalSection
	GlobalSection(SolutionProperties) = preSolution
		HideSolutionNode = FALSE
	EndGlobalSection
	GlobalSection(ExtensibilityGlobals) = postSolution
		SolutionGuid = {E0796618-1F0A-491D-9B49-7945D6D2A405}
	EndGlobalSection
EndGlobal
